{
  "lockfileVersion": 1,
  "configVersion": 0,
  "workspaces": {
    "": {
      "name": "setup-biome",
      "dependencies": {
        "@actions/core": "1.11.1",
        "@actions/tool-cache": "2.0.2",
        "@octokit/auth-action": "6.0.2",
        "@octokit/request-error": "7.1.0",
        "@octokit/rest": "22.0.1",
        "find-up-simple": "1.0.1",
        "semver": "7.7.3",
        "ts-dedent": "2.2.0",
        "yaml": "2.8.2",
      },
      "devDependencies": {
        "@biomejs/biome": "2.3.8",
        "@octokit/types": "15.0.2",
        "@pnpm/lockfile-types": "7.1.3",
        "@types/bun": "1.3.3",
        "@types/semver": "7.7.1",
        "lefthook": "2.0.8",
        "typescript": "5.9.3",
      },
    },
  },
  "trustedDependencies": [
    "lefthook",
  ],
  "packages": {
    "@actions/core": ["@actions/core@1.11.1", "", { "dependencies": { "@actions/exec": "^1.1.1", "@actions/http-client": "^2.0.1" } }, "sha512-hXJCSrkwfA46Vd9Z3q4cpEpHB1rL5NG04+/rbqW9d3+CSvtB1tYe8UTpAlixa1vj0m/ULglfEK2UKxMGxCxv5A=="],

    "@actions/exec": ["@actions/exec@1.1.1", "", { "dependencies": { "@actions/io": "^1.0.1" } }, "sha512-+sCcHHbVdk93a0XT19ECtO/gIXoxvdsgQLzb2fE2/5sIZmWQuluYyjPQtrtTHdU1YzTZ7bAPN4sITq2xi1679w=="],

    "@actions/http-client": ["@actions/http-client@2.2.3", "", { "dependencies": { "tunnel": "^0.0.6", "undici": "^5.25.4" } }, "sha512-mx8hyJi/hjFvbPokCg4uRd4ZX78t+YyRPtnKWwIl+RzNaVuFpQHfmlGVfsKEJN8LwTCvL+DfVgAM04XaHkm6bA=="],

    "@actions/io": ["@actions/io@1.1.3", "", {}, "sha512-wi9JjgKLYS7U/z8PPbco+PvTb/nRWjeoFlJ1Qer83k/3C5PHQi28hiVdeE2kHXmIL99mQFawx8qt/JPjZilJ8Q=="],

    "@actions/tool-cache": ["@actions/tool-cache@2.0.2", "", { "dependencies": { "@actions/core": "^1.11.1", "@actions/exec": "^1.0.0", "@actions/http-client": "^2.0.1", "@actions/io": "^1.1.1", "semver": "^6.1.0" } }, "sha512-fBhNNOWxuoLxztQebpOaWu6WeVmuwa77Z+DxIZ1B+OYvGkGQon6kTVg6Z32Cb13WCuw0szqonK+hh03mJV7Z6w=="],

    "@biomejs/biome": ["@biomejs/biome@2.3.8", "", { "optionalDependencies": { "@biomejs/cli-darwin-arm64": "2.3.8", "@biomejs/cli-darwin-x64": "2.3.8", "@biomejs/cli-linux-arm64": "2.3.8", "@biomejs/cli-linux-arm64-musl": "2.3.8", "@biomejs/cli-linux-x64": "2.3.8", "@biomejs/cli-linux-x64-musl": "2.3.8", "@biomejs/cli-win32-arm64": "2.3.8", "@biomejs/cli-win32-x64": "2.3.8" }, "bin": { "biome": "bin/biome" } }, "sha512-Qjsgoe6FEBxWAUzwFGFrB+1+M8y/y5kwmg5CHac+GSVOdmOIqsAiXM5QMVGZJ1eCUCLlPZtq4aFAQ0eawEUuUA=="],

    "@biomejs/cli-darwin-arm64": ["@biomejs/cli-darwin-arm64@2.3.8", "", { "os": "darwin", "cpu": "arm64" }, "sha512-HM4Zg9CGQ3txTPflxD19n8MFPrmUAjaC7PQdLkugeeC0cQ+PiVrd7i09gaBS/11QKsTDBJhVg85CEIK9f50Qww=="],

    "@biomejs/cli-darwin-x64": ["@biomejs/cli-darwin-x64@2.3.8", "", { "os": "darwin", "cpu": "x64" }, "sha512-lUDQ03D7y/qEao7RgdjWVGCu+BLYadhKTm40HkpJIi6kn8LSv5PAwRlew/DmwP4YZ9ke9XXoTIQDO1vAnbRZlA=="],

    "@biomejs/cli-linux-arm64": ["@biomejs/cli-linux-arm64@2.3.8", "", { "os": "linux", "cpu": "arm64" }, "sha512-Uo1OJnIkJgSgF+USx970fsM/drtPcQ39I+JO+Fjsaa9ZdCN1oysQmy6oAGbyESlouz+rzEckLTF6DS7cWse95g=="],

    "@biomejs/cli-linux-arm64-musl": ["@biomejs/cli-linux-arm64-musl@2.3.8", "", { "os": "linux", "cpu": "arm64" }, "sha512-PShR4mM0sjksUMyxbyPNMxoKFPVF48fU8Qe8Sfx6w6F42verbwRLbz+QiKNiDPRJwUoMG1nPM50OBL3aOnTevA=="],

    "@biomejs/cli-linux-x64": ["@biomejs/cli-linux-x64@2.3.8", "", { "os": "linux", "cpu": "x64" }, "sha512-QDPMD5bQz6qOVb3kiBui0zKZXASLo0NIQ9JVJio5RveBEFgDgsvJFUvZIbMbUZT3T00M/1wdzwWXk4GIh0KaAw=="],

    "@biomejs/cli-linux-x64-musl": ["@biomejs/cli-linux-x64-musl@2.3.8", "", { "os": "linux", "cpu": "x64" }, "sha512-YGLkqU91r1276uwSjiUD/xaVikdxgV1QpsicT0bIA1TaieM6E5ibMZeSyjQ/izBn4tKQthUSsVZacmoJfa3pDA=="],

    "@biomejs/cli-win32-arm64": ["@biomejs/cli-win32-arm64@2.3.8", "", { "os": "win32", "cpu": "arm64" }, "sha512-H4IoCHvL1fXKDrTALeTKMiE7GGWFAraDwBYFquE/L/5r1927Te0mYIGseXi4F+lrrwhSWbSGt5qPFswNoBaCxg=="],

    "@biomejs/cli-win32-x64": ["@biomejs/cli-win32-x64@2.3.8", "", { "os": "win32", "cpu": "x64" }, "sha512-RguzimPoZWtBapfKhKjcWXBVI91tiSprqdBYu7tWhgN8pKRZhw24rFeNZTNf6UiBfjCYCi9eFQs/JzJZIhuK4w=="],

    "@fastify/busboy": ["@fastify/busboy@2.1.1", "", {}, "sha512-vBZP4NlzfOlerQTnba4aqZoMhE/a9HY7HRqoOPaETQcSQuWEIyZMHGfVu6w9wGtGK5fED5qRs2DteVCjOH60sA=="],

    "@octokit/auth-action": ["@octokit/auth-action@6.0.2", "", { "dependencies": { "@octokit/auth-token": "^6.0.0", "@octokit/types": "^16.0.0" } }, "sha512-gEBsz0QioHOMoEU7u2VMr2FfOvfJCrGc42K9rliS7LnlZJLcEMFccIiCiPpPNH+yXs7YYNKQ7lOX67ZTWn6Ysg=="],

    "@octokit/auth-token": ["@octokit/auth-token@6.0.0", "", {}, "sha512-P4YJBPdPSpWTQ1NU4XYdvHvXJJDxM6YwpS0FZHRgP7YFkdVxsWcpWGy/NVqlAA7PcPCnMacXlRm1y2PFZRWL/w=="],

    "@octokit/core": ["@octokit/core@7.0.6", "", { "dependencies": { "@octokit/auth-token": "^6.0.0", "@octokit/graphql": "^9.0.3", "@octokit/request": "^10.0.6", "@octokit/request-error": "^7.0.2", "@octokit/types": "^16.0.0", "before-after-hook": "^4.0.0", "universal-user-agent": "^7.0.0" } }, "sha512-DhGl4xMVFGVIyMwswXeyzdL4uXD5OGILGX5N8Y+f6W7LhC1Ze2poSNrkF/fedpVDHEEZ+PHFW0vL14I+mm8K3Q=="],

    "@octokit/endpoint": ["@octokit/endpoint@11.0.2", "", { "dependencies": { "@octokit/types": "^16.0.0", "universal-user-agent": "^7.0.2" } }, "sha512-4zCpzP1fWc7QlqunZ5bSEjxc6yLAlRTnDwKtgXfcI/FxxGoqedDG8V2+xJ60bV2kODqcGB+nATdtap/XYq2NZQ=="],

    "@octokit/graphql": ["@octokit/graphql@9.0.3", "", { "dependencies": { "@octokit/request": "^10.0.6", "@octokit/types": "^16.0.0", "universal-user-agent": "^7.0.0" } }, "sha512-grAEuupr/C1rALFnXTv6ZQhFuL1D8G5y8CN04RgrO4FIPMrtm+mcZzFG7dcBm+nq+1ppNixu+Jd78aeJOYxlGA=="],

    "@octokit/openapi-types": ["@octokit/openapi-types@26.0.0", "", {}, "sha512-7AtcfKtpo77j7Ts73b4OWhOZHTKo/gGY8bB3bNBQz4H+GRSWqx2yvj8TXRsbdTE0eRmYmXOEY66jM7mJ7LzfsA=="],

    "@octokit/plugin-paginate-rest": ["@octokit/plugin-paginate-rest@14.0.0", "", { "dependencies": { "@octokit/types": "^16.0.0" }, "peerDependencies": { "@octokit/core": ">=6" } }, "sha512-fNVRE7ufJiAA3XUrha2omTA39M6IXIc6GIZLvlbsm8QOQCYvpq/LkMNGyFlB1d8hTDzsAXa3OKtybdMAYsV/fw=="],

    "@octokit/plugin-request-log": ["@octokit/plugin-request-log@6.0.0", "", { "peerDependencies": { "@octokit/core": ">=6" } }, "sha512-UkOzeEN3W91/eBq9sPZNQ7sUBvYCqYbrrD8gTbBuGtHEuycE4/awMXcYvx6sVYo7LypPhmQwwpUe4Yyu4QZN5Q=="],

    "@octokit/plugin-rest-endpoint-methods": ["@octokit/plugin-rest-endpoint-methods@17.0.0", "", { "dependencies": { "@octokit/types": "^16.0.0" }, "peerDependencies": { "@octokit/core": ">=6" } }, "sha512-B5yCyIlOJFPqUUeiD0cnBJwWJO8lkJs5d8+ze9QDP6SvfiXSz1BF+91+0MeI1d2yxgOhU/O+CvtiZ9jSkHhFAw=="],

    "@octokit/request": ["@octokit/request@10.0.6", "", { "dependencies": { "@octokit/endpoint": "^11.0.2", "@octokit/request-error": "^7.0.2", "@octokit/types": "^16.0.0", "fast-content-type-parse": "^3.0.0", "universal-user-agent": "^7.0.2" } }, "sha512-FO+UgZCUu+pPnZAR+iKdUt64kPE7QW7ciqpldaMXaNzixz5Jld8dJ31LAUewk0cfSRkNSRKyqG438ba9c/qDlQ=="],

    "@octokit/request-error": ["@octokit/request-error@7.1.0", "", { "dependencies": { "@octokit/types": "^16.0.0" } }, "sha512-KMQIfq5sOPpkQYajXHwnhjCC0slzCNScLHs9JafXc4RAJI+9f+jNDlBNaIMTvazOPLgb4BnlhGJOTbnN0wIjPw=="],

    "@octokit/rest": ["@octokit/rest@22.0.1", "", { "dependencies": { "@octokit/core": "^7.0.6", "@octokit/plugin-paginate-rest": "^14.0.0", "@octokit/plugin-request-log": "^6.0.0", "@octokit/plugin-rest-endpoint-methods": "^17.0.0" } }, "sha512-Jzbhzl3CEexhnivb1iQ0KJ7s5vvjMWcmRtq5aUsKmKDrRW6z3r84ngmiFKFvpZjpiU/9/S6ITPFRpn5s/3uQJw=="],

    "@octokit/types": ["@octokit/types@15.0.2", "", { "dependencies": { "@octokit/openapi-types": "^26.0.0" } }, "sha512-rR+5VRjhYSer7sC51krfCctQhVTmjyUMAaShfPB8mscVa8tSoLyon3coxQmXu0ahJoLVWl8dSGD/3OGZlFV44Q=="],

    "@pnpm/lockfile-types": ["@pnpm/lockfile-types@7.1.3", "", { "dependencies": { "@pnpm/types": "11.1.0" } }, "sha512-ifMGKjiBFweZiI9nRYw+N4oP42tDaxHGzla/fuEqn8rOLzITJKfD9G2KfF7u8ZfZyW9lHFL/FsN9t1+q6L+qyQ=="],

    "@pnpm/types": ["@pnpm/types@11.1.0", "", {}, "sha512-wnlOhu7hjv9/qsf2cbK0YqpaV9c4LS69Utxd+r8hq/GWhyrOHcM1QOlfQb0Mzci0q4DDgB8VXT4dhBnEBL4c5g=="],

    "@types/bun": ["@types/bun@1.3.3", "", { "dependencies": { "bun-types": "1.3.3" } }, "sha512-ogrKbJ2X5N0kWLLFKeytG0eHDleBYtngtlbu9cyBKFtNL3cnpDZkNdQj8flVf6WTZUX5ulI9AY1oa7ljhSrp+g=="],

    "@types/node": ["@types/node@24.0.13", "", { "dependencies": { "undici-types": "~7.8.0" } }, "sha512-Qm9OYVOFHFYg3wJoTSrz80hoec5Lia/dPp84do3X7dZvLikQvM1YpmvTBEdIr/e+U8HTkFjLHLnl78K/qjf+jQ=="],

    "@types/semver": ["@types/semver@7.7.1", "", {}, "sha512-FmgJfu+MOcQ370SD0ev7EI8TlCAfKYU+B4m5T3yXc1CiRN94g/SZPtsCkk506aUDtlMnFZvasDwHHUcZUEaYuA=="],

    "before-after-hook": ["before-after-hook@4.0.0", "", {}, "sha512-q6tR3RPqIB1pMiTRMFcZwuG5T8vwp+vUvEG0vuI6B+Rikh5BfPp2fQ82c925FOs+b0lcFQ8CFrL+KbilfZFhOQ=="],

    "bun-types": ["bun-types@1.3.3", "", { "dependencies": { "@types/node": "*" } }, "sha512-z3Xwlg7j2l9JY27x5Qn3Wlyos8YAp0kKRlrePAOjgjMGS5IG6E7Jnlx736vH9UVI4wUICwwhC9anYL++XeOgTQ=="],

    "fast-content-type-parse": ["fast-content-type-parse@3.0.0", "", {}, "sha512-ZvLdcY8P+N8mGQJahJV5G4U88CSvT1rP8ApL6uETe88MBXrBHAkZlSEySdUlyztF7ccb+Znos3TFqaepHxdhBg=="],

    "find-up-simple": ["find-up-simple@1.0.1", "", {}, "sha512-afd4O7zpqHeRyg4PfDQsXmlDe2PfdHtJt6Akt8jOWaApLOZk5JXs6VMR29lz03pRe9mpykrRCYIYxaJYcfpncQ=="],

    "lefthook": ["lefthook@2.0.8", "", { "optionalDependencies": { "lefthook-darwin-arm64": "2.0.8", "lefthook-darwin-x64": "2.0.8", "lefthook-freebsd-arm64": "2.0.8", "lefthook-freebsd-x64": "2.0.8", "lefthook-linux-arm64": "2.0.8", "lefthook-linux-x64": "2.0.8", "lefthook-openbsd-arm64": "2.0.8", "lefthook-openbsd-x64": "2.0.8", "lefthook-windows-arm64": "2.0.8", "lefthook-windows-x64": "2.0.8" }, "bin": { "lefthook": "bin/index.js" } }, "sha512-FozDCKeSI+m3BP0cvyPgHch+yf7ClS3hDy1JsRUrbNmlyjqBcmlygnRXsZzpH+wHoNnF2fmfhJhkx/7S7IpaVw=="],

    "lefthook-darwin-arm64": ["lefthook-darwin-arm64@2.0.8", "", { "os": "darwin", "cpu": "arm64" }, "sha512-Nu52qmqhSP+DKKuKYKDkMkPbgvgTZv+ueEo1LVXidTcgxEwvrbe2balcdqdulQTsPfYtm3pCPvv8ikalHrH+Qg=="],

    "lefthook-darwin-x64": ["lefthook-darwin-x64@2.0.8", "", { "os": "darwin", "cpu": "x64" }, "sha512-EGNBw1vuXzphs/KyDchkglwnYNkKQH3EpptIPXcQCRC3WKiz87PSrwkOxjGtgDg6nLYWru3YUzgcFrIGUXjWPw=="],

    "lefthook-freebsd-arm64": ["lefthook-freebsd-arm64@2.0.8", "", { "os": "freebsd", "cpu": "arm64" }, "sha512-ZPua6y7y7l/0PpMJhU1ZAt4jl0dC3F+EGlSzy9v0vqzyoixk0HRqsz9nxN7wmJo/5vHhHJBjsE5/sEYS9Z8tsQ=="],

    "lefthook-freebsd-x64": ["lefthook-freebsd-x64@2.0.8", "", { "os": "freebsd", "cpu": "x64" }, "sha512-ab9M5gCsMeYzOeBoHIOz+zyVSnEZowwV2jn3Am+x625ZNcqU0T3eNf+a7ppopvkQjrehfmO3y5HiMVAkSAs1Vw=="],

    "lefthook-linux-arm64": ["lefthook-linux-arm64@2.0.8", "", { "os": "linux", "cpu": "arm64" }, "sha512-BaoUKmwnAbWssSwVHoA0HyJFX3m+Mp6xJhxD4YAu8H1mo8DNOWBG5J7DGXJRIiBTm6YjAXlerq8Pjfx4lycfYQ=="],

    "lefthook-linux-x64": ["lefthook-linux-x64@2.0.8", "", { "os": "linux", "cpu": "x64" }, "sha512-oNXcoGWsGy/U9gqE6PJpLtiNlGlAgoYtVmfc2gauNPRJehaQBaifD5/5aXPiWhRukUTQ1p9kuShFDpT2jOYn5Q=="],

    "lefthook-openbsd-arm64": ["lefthook-openbsd-arm64@2.0.8", "", { "os": "openbsd", "cpu": "arm64" }, "sha512-pxUgnilqsnDEWF7J5uNViHJ+Q4gSEQbRbrcIEdluBzjW34E20WK4UPk0bxZDQZAeaXTubNQEvyafmfY7dWe4Gg=="],

    "lefthook-openbsd-x64": ["lefthook-openbsd-x64@2.0.8", "", { "os": "openbsd", "cpu": "x64" }, "sha512-p50cpkWImLwU330JJuJaioNVT1X/Z56iqPOLEgBt2+1BlljmPe/eGrMArF4iIKfdZ4wFJ9f2h0gq+jyvQGFjSg=="],

    "lefthook-windows-arm64": ["lefthook-windows-arm64@2.0.8", "", { "os": "win32", "cpu": "arm64" }, "sha512-dStshOCvmg9sQSUmWNiLMLv52HFTVxC9JE2HGxCiHcK5oqVZS2v9cCZdFdiDZ1Xldi3ozLi2y7/Xpzul8Oqv5Q=="],

    "lefthook-windows-x64": ["lefthook-windows-x64@2.0.8", "", { "os": "win32", "cpu": "x64" }, "sha512-2YgT6feliy6CCDwbkT3pg1ylKD1b9lj+O5NdLsrxvZGRmO6ftXleWB4xfWKGGY8FrzAD2Y3eEVDv5n3NvGHDzw=="],

    "semver": ["semver@7.7.3", "", { "bin": { "semver": "bin/semver.js" } }, "sha512-SdsKMrI9TdgjdweUSR9MweHA4EJ8YxHn8DFaDisvhVlUOe4BF1tLD7GAj0lIqWVl+dPb/rExr0Btby5loQm20Q=="],

    "ts-dedent": ["ts-dedent@2.2.0", "", {}, "sha512-q5W7tVM71e2xjHZTlgfTDoPF/SmqKG5hddq9SzR49CH2hayqRKJtQ4mtRlSxKaJlR/+9rEM+mnBHf7I2/BQcpQ=="],

    "tunnel": ["tunnel@0.0.6", "", {}, "sha512-1h/Lnq9yajKY2PEbBadPXj3VxsDDu844OnaAo52UVmIzIvwwtBPIuNvkjuzBlTWpfJyUbG3ez0KSBibQkj4ojg=="],

    "typescript": ["typescript@5.9.3", "", { "bin": { "tsc": "bin/tsc", "tsserver": "bin/tsserver" } }, "sha512-jl1vZzPDinLr9eUt3J/t7V6FgNEw9QjvBPdysz9KfQDD41fQrC2Y4vKQdiaUpFT4bXlb1RHhLpp8wtm6M5TgSw=="],

    "undici": ["undici@5.29.0", "", { "dependencies": { "@fastify/busboy": "^2.0.0" } }, "sha512-raqeBD6NQK4SkWhQzeYKd1KmIG6dllBOTt55Rmkt4HtI9mwdWtJljnrXjAFUBLTSN67HWrOIZ3EPF4kjUw80Bg=="],

    "undici-types": ["undici-types@7.8.0", "", {}, "sha512-9UJ2xGDvQ43tYyVMpuHlsgApydB8ZKfVYTsLDhXkFL/6gfkp+U8xTGdh8pMJv1SpZna0zxG1DwsKZsreLbXBxw=="],

    "universal-user-agent": ["universal-user-agent@7.0.3", "", {}, "sha512-TmnEAEAsBJVZM/AADELsK76llnwcf9vMKuPz8JflO1frO8Lchitr0fNaN9d+Ap0BjKtqWqd/J17qeDnXh8CL2A=="],

    "yaml": ["yaml@2.8.2", "", { "bin": { "yaml": "bin.mjs" } }, "sha512-mplynKqc1C2hTVYxd0PU2xQAc22TI1vShAYGksCCfxbn/dFwnHTNi1bvYsBTkhdUNtGIf5xNOg938rrSSYvS9A=="],

    "@actions/tool-cache/semver": ["semver@6.3.1", "", { "bin": { "semver": "bin/semver.js" } }, "sha512-BR7VvDCVHO+q2xBEWskxS6DJE1qRnb7DxzUrogb71CWoSficBxYsiAGd+Kl0mmq/MprG9yArRkyrQxTO6XjMzA=="],

    "@octokit/auth-action/@octokit/types": ["@octokit/types@16.0.0", "", { "dependencies": { "@octokit/openapi-types": "^27.0.0" } }, "sha512-sKq+9r1Mm4efXW1FCk7hFSeJo4QKreL/tTbR0rz/qx/r1Oa2VV83LTA/H/MuCOX7uCIJmQVRKBcbmWoySjAnSg=="],

    "@octokit/core/@octokit/request-error": ["@octokit/request-error@7.0.2", "", { "dependencies": { "@octokit/types": "^16.0.0" } }, "sha512-U8piOROoQQUyExw5c6dTkU3GKxts5/ERRThIauNL7yaRoeXW0q/5bgHWT7JfWBw1UyrbK8ERId2wVkcB32n0uQ=="],

    "@octokit/core/@octokit/types": ["@octokit/types@16.0.0", "", { "dependencies": { "@octokit/openapi-types": "^27.0.0" } }, "sha512-sKq+9r1Mm4efXW1FCk7hFSeJo4QKreL/tTbR0rz/qx/r1Oa2VV83LTA/H/MuCOX7uCIJmQVRKBcbmWoySjAnSg=="],

    "@octokit/endpoint/@octokit/types": ["@octokit/types@16.0.0", "", { "dependencies": { "@octokit/openapi-types": "^27.0.0" } }, "sha512-sKq+9r1Mm4efXW1FCk7hFSeJo4QKreL/tTbR0rz/qx/r1Oa2VV83LTA/H/MuCOX7uCIJmQVRKBcbmWoySjAnSg=="],

    "@octokit/graphql/@octokit/types": ["@octokit/types@16.0.0", "", { "dependencies": { "@octokit/openapi-types": "^27.0.0" } }, "sha512-sKq+9r1Mm4efXW1FCk7hFSeJo4QKreL/tTbR0rz/qx/r1Oa2VV83LTA/H/MuCOX7uCIJmQVRKBcbmWoySjAnSg=="],

    "@octokit/plugin-paginate-rest/@octokit/types": ["@octokit/types@16.0.0", "", { "dependencies": { "@octokit/openapi-types": "^27.0.0" } }, "sha512-sKq+9r1Mm4efXW1FCk7hFSeJo4QKreL/tTbR0rz/qx/r1Oa2VV83LTA/H/MuCOX7uCIJmQVRKBcbmWoySjAnSg=="],

    "@octokit/plugin-rest-endpoint-methods/@octokit/types": ["@octokit/types@16.0.0", "", { "dependencies": { "@octokit/openapi-types": "^27.0.0" } }, "sha512-sKq+9r1Mm4efXW1FCk7hFSeJo4QKreL/tTbR0rz/qx/r1Oa2VV83LTA/H/MuCOX7uCIJmQVRKBcbmWoySjAnSg=="],

    "@octokit/request/@octokit/request-error": ["@octokit/request-error@7.0.2", "", { "dependencies": { "@octokit/types": "^16.0.0" } }, "sha512-U8piOROoQQUyExw5c6dTkU3GKxts5/ERRThIauNL7yaRoeXW0q/5bgHWT7JfWBw1UyrbK8ERId2wVkcB32n0uQ=="],

    "@octokit/request/@octokit/types": ["@octokit/types@16.0.0", "", { "dependencies": { "@octokit/openapi-types": "^27.0.0" } }, "sha512-sKq+9r1Mm4efXW1FCk7hFSeJo4QKreL/tTbR0rz/qx/r1Oa2VV83LTA/H/MuCOX7uCIJmQVRKBcbmWoySjAnSg=="],

    "@octokit/request-error/@octokit/types": ["@octokit/types@16.0.0", "", { "dependencies": { "@octokit/openapi-types": "^27.0.0" } }, "sha512-sKq+9r1Mm4efXW1FCk7hFSeJo4QKreL/tTbR0rz/qx/r1Oa2VV83LTA/H/MuCOX7uCIJmQVRKBcbmWoySjAnSg=="],

    "@octokit/auth-action/@octokit/types/@octokit/openapi-types": ["@octokit/openapi-types@27.0.0", "", {}, "sha512-whrdktVs1h6gtR+09+QsNk2+FO+49j6ga1c55YZudfEG+oKJVvJLQi3zkOm5JjiUXAagWK2tI2kTGKJ2Ys7MGA=="],

    "@octokit/core/@octokit/types/@octokit/openapi-types": ["@octokit/openapi-types@27.0.0", "", {}, "sha512-whrdktVs1h6gtR+09+QsNk2+FO+49j6ga1c55YZudfEG+oKJVvJLQi3zkOm5JjiUXAagWK2tI2kTGKJ2Ys7MGA=="],

    "@octokit/endpoint/@octokit/types/@octokit/openapi-types": ["@octokit/openapi-types@27.0.0", "", {}, "sha512-whrdktVs1h6gtR+09+QsNk2+FO+49j6ga1c55YZudfEG+oKJVvJLQi3zkOm5JjiUXAagWK2tI2kTGKJ2Ys7MGA=="],

    "@octokit/graphql/@octokit/types/@octokit/openapi-types": ["@octokit/openapi-types@27.0.0", "", {}, "sha512-whrdktVs1h6gtR+09+QsNk2+FO+49j6ga1c55YZudfEG+oKJVvJLQi3zkOm5JjiUXAagWK2tI2kTGKJ2Ys7MGA=="],

    "@octokit/plugin-paginate-rest/@octokit/types/@octokit/openapi-types": ["@octokit/openapi-types@27.0.0", "", {}, "sha512-whrdktVs1h6gtR+09+QsNk2+FO+49j6ga1c55YZudfEG+oKJVvJLQi3zkOm5JjiUXAagWK2tI2kTGKJ2Ys7MGA=="],

    "@octokit/plugin-rest-endpoint-methods/@octokit/types/@octokit/openapi-types": ["@octokit/openapi-types@27.0.0", "", {}, "sha512-whrdktVs1h6gtR+09+QsNk2+FO+49j6ga1c55YZudfEG+oKJVvJLQi3zkOm5JjiUXAagWK2tI2kTGKJ2Ys7MGA=="],

    "@octokit/request-error/@octokit/types/@octokit/openapi-types": ["@octokit/openapi-types@27.0.0", "", {}, "sha512-whrdktVs1h6gtR+09+QsNk2+FO+49j6ga1c55YZudfEG+oKJVvJLQi3zkOm5JjiUXAagWK2tI2kTGKJ2Ys7MGA=="],

    "@octokit/request/@octokit/types/@octokit/openapi-types": ["@octokit/openapi-types@27.0.0", "", {}, "sha512-whrdktVs1h6gtR+09+QsNk2+FO+49j6ga1c55YZudfEG+oKJVvJLQi3zkOm5JjiUXAagWK2tI2kTGKJ2Ys7MGA=="],
  }
}
