lockfileVersion: '9.0'

settings:
  autoInstallPeers: true
  excludeLinksFromLockfile: false

importers:

  .:
    devDependencies:
      '@biomejs/biome':
        specifier: 1.5.0
        version: 1.5.0

packages:

  '@biomejs/biome@1.5.0':
    resolution: {integrity: sha512-ln+o5jbs109qpeDoA+5n+vlAPai3DhlK0tHtZXzQvu4tswFgxNiJCeIXmlW1DYHziTmtBImV3Y0uhbm2iVSE3Q==}
    engines: {node: '>=14.*'}
    hasBin: true

  '@biomejs/cli-darwin-arm64@1.5.0':
    resolution: {integrity: sha512-3+D7axf04dpadGMOaqb2q+zyQnhWW0o/Imt7TJBWsoE0N3/+28Wht8g3UEHHcUL5FPuGIfsE+NcYntBaaAsEIg==}
    engines: {node: '>=14.*'}
    cpu: [arm64]
    os: [darwin]

  '@biomejs/cli-darwin-x64@1.5.0':
    resolution: {integrity: sha512-8k5aaLWE/B6ZAXLC+z/Vwh9ogyiSaiRIfvg+F9foxuneHl2R/D/2Iy7pvd3Yoi4Kf6/MBdowekPVezGP4/Kbcw==}
    engines: {node: '>=14.*'}
    cpu: [x64]
    os: [darwin]

  '@biomejs/cli-linux-arm64-musl@1.5.0':
    resolution: {integrity: sha512-+1B3J8tWLTOvP3+00Cap+XhEXMvxwCHvVfuywUsB7Sqd66NWic3wKJuGbGcS3PuCWtGuIFsiQMNAGqiOXG4uBQ==}
    engines: {node: '>=14.*'}
    cpu: [arm64]
    os: [linux]

  '@biomejs/cli-linux-arm64@1.5.0':
    resolution: {integrity: sha512-RiecxG71E1jnqiJZ3FaikVBDRkk2ohIxBo0O4o68g87y6Hug//G0S83sj6Wqyn8DgKMCRWQg+XYMgk5CwLVowA==}
    engines: {node: '>=14.*'}
    cpu: [arm64]
    os: [linux]

  '@biomejs/cli-linux-x64-musl@1.5.0':
    resolution: {integrity: sha512-4S2rLluc0WT+XTbLTgcm9+5EEFwJmoGiUEzR6N0P2sIjZD8c5KNf9Ou46BP1Pdg5AgqV+IIClGPK1I80ApSh1Q==}
    engines: {node: '>=14.*'}
    cpu: [x64]
    os: [linux]

  '@biomejs/cli-linux-x64@1.5.0':
    resolution: {integrity: sha512-TlTsG+ptSmnDTUsAAYsXyGOXMcFiF8SiwhPdj4YsNkJRgx9M2curEVcTVm66FINIPK6VJTUcEDahFlx3NPUOzA==}
    engines: {node: '>=14.*'}
    cpu: [x64]
    os: [linux]

  '@biomejs/cli-win32-arm64@1.5.0':
    resolution: {integrity: sha512-sWOi1SR+YqJuXElBncGRnWBR7IN7ni6GQY4Zm/vTpP6nVA0dX5C301eQUW1N/VnFQb6fyrJTcBslDUKyemsN/g==}
    engines: {node: '>=14.*'}
    cpu: [arm64]
    os: [win32]

  '@biomejs/cli-win32-x64@1.5.0':
    resolution: {integrity: sha512-OoqgUXyzmRwX466bklOsWS7WdcvWtBuxF94DXATNe7bUiBa2tlW8QX7VVZvPnMKH57E5J619AkB3b5fhzyUhXA==}
    engines: {node: '>=14.*'}
    cpu: [x64]
    os: [win32]

snapshots:

  '@biomejs/biome@1.5.0':
    optionalDependencies:
      '@biomejs/cli-darwin-arm64': 1.5.0
      '@biomejs/cli-darwin-x64': 1.5.0
      '@biomejs/cli-linux-arm64': 1.5.0
      '@biomejs/cli-linux-arm64-musl': 1.5.0
      '@biomejs/cli-linux-x64': 1.5.0
      '@biomejs/cli-linux-x64-musl': 1.5.0
      '@biomejs/cli-win32-arm64': 1.5.0
      '@biomejs/cli-win32-x64': 1.5.0

  '@biomejs/cli-darwin-arm64@1.5.0':
    optional: true

  '@biomejs/cli-darwin-x64@1.5.0':
    optional: true

  '@biomejs/cli-linux-arm64-musl@1.5.0':
    optional: true

  '@biomejs/cli-linux-arm64@1.5.0':
    optional: true

  '@biomejs/cli-linux-x64-musl@1.5.0':
    optional: true

  '@biomejs/cli-linux-x64@1.5.0':
    optional: true

  '@biomejs/cli-win32-arm64@1.5.0':
    optional: true

  '@biomejs/cli-win32-x64@1.5.0':
    optional: true
