{
  "name": "npm",
  "version": "1.0.0",
  "lockfileVersion": 3,
  "requires": true,
  "packages": {
    "": {
      "name": "npm",
      "version": "1.0.0",
      "license": "ISC",
      "dependencies": {
        "@biomejs/biome": "1.5.0"
      }
    },
    "node_modules/@biomejs/biome": {
      "version": "1.5.0",
      "resolved": "https://registry.npmjs.org/@biomejs/biome/-/biome-1.5.0.tgz",
      "integrity": "sha512-ln+o5jbs109qpeDoA+5n+vlAPai3DhlK0tHtZXzQvu4tswFgxNiJCeIXmlW1DYHziTmtBImV3Y0uhbm2iVSE3Q==",
      "hasInstallScript": true,
      "bin": {
        "biome": "bin/biome"
      },
      "engines": {
        "node": ">=14.*"
      },
      "funding": {
        "type": "opencollective",
        "url": "https://opencollective.com/biome"
      },
      "optionalDependencies": {
        "@biomejs/cli-darwin-arm64": "1.5.0",
        "@biomejs/cli-darwin-x64": "1.5.0",
        "@biomejs/cli-linux-arm64": "1.5.0",
        "@biomejs/cli-linux-arm64-musl": "1.5.0",
        "@biomejs/cli-linux-x64": "1.5.0",
        "@biomejs/cli-linux-x64-musl": "1.5.0",
        "@biomejs/cli-win32-arm64": "1.5.0",
        "@biomejs/cli-win32-x64": "1.5.0"
      }
    },
    "node_modules/@biomejs/cli-darwin-arm64": {
      "version": "1.5.0",
      "resolved": "https://registry.npmjs.org/@biomejs/cli-darwin-arm64/-/cli-darwin-arm64-1.5.0.tgz",
      "integrity": "sha512-3+D7axf04dpadGMOaqb2q+zyQnhWW0o/Imt7TJBWsoE0N3/+28Wht8g3UEHHcUL5FPuGIfsE+NcYntBaaAsEIg==",
      "cpu": [
        "arm64"
      ],
      "optional": true,
      "os": [
        "darwin"
      ],
      "engines": {
        "node": ">=14.*"
      }
    },
    "node_modules/@biomejs/cli-darwin-x64": {
      "version": "1.5.0",
      "resolved": "https://registry.npmjs.org/@biomejs/cli-darwin-x64/-/cli-darwin-x64-1.5.0.tgz",
      "integrity": "sha512-8k5aaLWE/B6ZAXLC+z/Vwh9ogyiSaiRIfvg+F9foxuneHl2R/D/2Iy7pvd3Yoi4Kf6/MBdowekPVezGP4/Kbcw==",
      "cpu": [
        "x64"
      ],
      "optional": true,
      "os": [
        "darwin"
      ],
      "engines": {
        "node": ">=14.*"
      }
    },
    "node_modules/@biomejs/cli-linux-arm64": {
      "version": "1.5.0",
      "resolved": "https://registry.npmjs.org/@biomejs/cli-linux-arm64/-/cli-linux-arm64-1.5.0.tgz",
      "integrity": "sha512-RiecxG71E1jnqiJZ3FaikVBDRkk2ohIxBo0O4o68g87y6Hug//G0S83sj6Wqyn8DgKMCRWQg+XYMgk5CwLVowA==",
      "cpu": [
        "arm64"
      ],
      "optional": true,
      "os": [
        "linux"
      ],
      "engines": {
        "node": ">=14.*"
      }
    },
    "node_modules/@biomejs/cli-linux-arm64-musl": {
      "version": "1.5.0",
      "resolved": "https://registry.npmjs.org/@biomejs/cli-linux-arm64-musl/-/cli-linux-arm64-musl-1.5.0.tgz",
      "integrity": "sha512-+1B3J8tWLTOvP3+00Cap+XhEXMvxwCHvVfuywUsB7Sqd66NWic3wKJuGbGcS3PuCWtGuIFsiQMNAGqiOXG4uBQ==",
      "cpu": [
        "arm64"
      ],
      "optional": true,
      "os": [
        "linux"
      ],
      "engines": {
        "node": ">=14.*"
      }
    },
    "node_modules/@biomejs/cli-linux-x64": {
      "version": "1.5.0",
      "resolved": "https://registry.npmjs.org/@biomejs/cli-linux-x64/-/cli-linux-x64-1.5.0.tgz",
      "integrity": "sha512-TlTsG+ptSmnDTUsAAYsXyGOXMcFiF8SiwhPdj4YsNkJRgx9M2curEVcTVm66FINIPK6VJTUcEDahFlx3NPUOzA==",
      "cpu": [
        "x64"
      ],
      "optional": true,
      "os": [
        "linux"
      ],
      "engines": {
        "node": ">=14.*"
      }
    },
    "node_modules/@biomejs/cli-linux-x64-musl": {
      "version": "1.5.0",
      "resolved": "https://registry.npmjs.org/@biomejs/cli-linux-x64-musl/-/cli-linux-x64-musl-1.5.0.tgz",
      "integrity": "sha512-4S2rLluc0WT+XTbLTgcm9+5EEFwJmoGiUEzR6N0P2sIjZD8c5KNf9Ou46BP1Pdg5AgqV+IIClGPK1I80ApSh1Q==",
      "cpu": [
        "x64"
      ],
      "optional": true,
      "os": [
        "linux"
      ],
      "engines": {
        "node": ">=14.*"
      }
    },
    "node_modules/@biomejs/cli-win32-arm64": {
      "version": "1.5.0",
      "resolved": "https://registry.npmjs.org/@biomejs/cli-win32-arm64/-/cli-win32-arm64-1.5.0.tgz",
      "integrity": "sha512-sWOi1SR+YqJuXElBncGRnWBR7IN7ni6GQY4Zm/vTpP6nVA0dX5C301eQUW1N/VnFQb6fyrJTcBslDUKyemsN/g==",
      "cpu": [
        "arm64"
      ],
      "optional": true,
      "os": [
        "win32"
      ],
      "engines": {
        "node": ">=14.*"
      }
    },
    "node_modules/@biomejs/cli-win32-x64": {
      "version": "1.5.0",
      "resolved": "https://registry.npmjs.org/@biomejs/cli-win32-x64/-/cli-win32-x64-1.5.0.tgz",
      "integrity": "sha512-OoqgUXyzmRwX466bklOsWS7WdcvWtBuxF94DXATNe7bUiBa2tlW8QX7VVZvPnMKH57E5J619AkB3b5fhzyUhXA==",
      "cpu": [
        "x64"
      ],
      "optional": true,
      "os": [
        "win32"
      ],
      "engines": {
        "node": ">=14.*"
      }
    }
  }
}
