# THIS IS AN AUTOGENERATED FILE. DO NOT EDIT THIS FILE DIRECTLY.
# yarn lockfile v1


"@biomejs/biome@2.0.0":
  version "2.0.0"
  resolved "https://registry.yarnpkg.com/@biomejs/biome/-/biome-2.0.0.tgz#dc770781565640b9f884ad3d6d6383f64ca257c2"
  integrity sha512-BlUoXEOI/UQTDEj/pVfnkMo8SrZw3oOWBDrXYFT43V7HTkIUDkBRY53IC5Jx1QkZbaB+0ai1wJIfYwp9+qaJTQ==
  optionalDependencies:
    "@biomejs/cli-darwin-arm64" "2.0.0"
    "@biomejs/cli-darwin-x64" "2.0.0"
    "@biomejs/cli-linux-arm64" "2.0.0"
    "@biomejs/cli-linux-arm64-musl" "2.0.0"
    "@biomejs/cli-linux-x64" "2.0.0"
    "@biomejs/cli-linux-x64-musl" "2.0.0"
    "@biomejs/cli-win32-arm64" "2.0.0"
    "@biomejs/cli-win32-x64" "2.0.0"

"@biomejs/cli-darwin-arm64@2.0.0":
  version "2.0.0"
  resolved "https://registry.yarnpkg.com/@biomejs/cli-darwin-arm64/-/cli-darwin-arm64-2.0.0.tgz#67135faa8bd52933fdaad09a160f9fc3a9defef3"
  integrity sha512-QvqWYtFFhhxdf8jMAdJzXW+Frc7X8XsnHQLY+TBM1fnT1TfeV/v9vsFI5L2J7GH6qN1+QEEJ19jHibCY2Ypplw==

"@biomejs/cli-darwin-x64@2.0.0":
  version "2.0.0"
  resolved "https://registry.yarnpkg.com/@biomejs/cli-darwin-x64/-/cli-darwin-x64-2.0.0.tgz#49a7e064bad53e095d8a152b072adffcdeb4fb8e"
  integrity sha512-5JFhls1EfmuIH4QGFPlNpxJQFC6ic3X1ltcoLN+eSRRIPr6H/lUS1ttuD0Fj7rPgPhZqopK/jfH8UVj/1hIsQw==

"@biomejs/cli-linux-arm64-musl@2.0.0":
  version "2.0.0"
  resolved "https://registry.yarnpkg.com/@biomejs/cli-linux-arm64-musl/-/cli-linux-arm64-musl-2.0.0.tgz#bfde27de8262a20e57e153f3807f47a01ccaeab3"
  integrity sha512-Bxsz8ki8+b3PytMnS5SgrGV+mbAWwIxI3ydChb/d1rURlJTMdxTTq5LTebUnlsUWAX6OvJuFeiVq9Gjn1YbCyA==

"@biomejs/cli-linux-arm64@2.0.0":
  version "2.0.0"
  resolved "https://registry.yarnpkg.com/@biomejs/cli-linux-arm64/-/cli-linux-arm64-2.0.0.tgz#c2404b3869c03a6fa5a8b979755bc6dfd5a5ec47"
  integrity sha512-BAH4QVi06TzAbVchXdJPsL0Z/P87jOfes15rI+p3EX9/EGTfIjaQ9lBVlHunxcmoptaA5y1Hdb9UYojIhmnjIw==

"@biomejs/cli-linux-x64-musl@2.0.0":
  version "2.0.0"
  resolved "https://registry.yarnpkg.com/@biomejs/cli-linux-x64-musl/-/cli-linux-x64-musl-2.0.0.tgz#8ab214ac7e21a2af29435439145888c50f2bdd2f"
  integrity sha512-tiQ0ABxMJb9I6GlfNp0ulrTiQSFacJRJO8245FFwE3ty3bfsfxlU/miblzDIi+qNrgGsLq5wIZcVYGp4c+HXZA==

"@biomejs/cli-linux-x64@2.0.0":
  version "2.0.0"
  resolved "https://registry.yarnpkg.com/@biomejs/cli-linux-x64/-/cli-linux-x64-2.0.0.tgz#cbd172ead9e5bba8cd590d06e6e548445cf7ab2a"
  integrity sha512-09PcOGYTtkopWRm6mZ/B6Mr6UHdkniUgIG/jLBv+2J8Z61ezRE+xQmpi3yNgUrFIAU4lPA9atg7mhvE/5Bo7Wg==

"@biomejs/cli-win32-arm64@2.0.0":
  version "2.0.0"
  resolved "https://registry.yarnpkg.com/@biomejs/cli-win32-arm64/-/cli-win32-arm64-2.0.0.tgz#4677f4e034b3f4906e448b704f3314b38062a111"
  integrity sha512-vrTtuGu91xNTEQ5ZcMJBZuDlqr32DWU1r14UfePIGndF//s2WUAmer4FmgoPgruo76rprk37e8S2A2c0psXdxw==

"@biomejs/cli-win32-x64@2.0.0":
  version "2.0.0"
  resolved "https://registry.yarnpkg.com/@biomejs/cli-win32-x64/-/cli-win32-x64-2.0.0.tgz#f460a6950235c8f4bbd4cc405b210fec5cdb8ac9"
  integrity sha512-2USVQ0hklNsph/KIR72ZdeptyXNnQ3JdzPn3NbjI4Sna34CnxeiYAaZcZzXPDl5PYNFBivV4xmvT3Z3rTmyDBg==
