# This file is generated by running "yarn install" inside your project.
# Manual changes might be lost - proceed with caution!

__metadata:
  version: 6
  cacheKey: 8

"@biomejs/biome@npm:1.5.0":
  version: 1.5.0
  resolution: "@biomejs/biome@npm:1.5.0"
  dependencies:
    "@biomejs/cli-darwin-arm64": 1.5.0
    "@biomejs/cli-darwin-x64": 1.5.0
    "@biomejs/cli-linux-arm64": 1.5.0
    "@biomejs/cli-linux-arm64-musl": 1.5.0
    "@biomejs/cli-linux-x64": 1.5.0
    "@biomejs/cli-linux-x64-musl": 1.5.0
    "@biomejs/cli-win32-arm64": 1.5.0
    "@biomejs/cli-win32-x64": 1.5.0
  dependenciesMeta:
    "@biomejs/cli-darwin-arm64":
      optional: true
    "@biomejs/cli-darwin-x64":
      optional: true
    "@biomejs/cli-linux-arm64":
      optional: true
    "@biomejs/cli-linux-arm64-musl":
      optional: true
    "@biomejs/cli-linux-x64":
      optional: true
    "@biomejs/cli-linux-x64-musl":
      optional: true
    "@biomejs/cli-win32-arm64":
      optional: true
    "@biomejs/cli-win32-x64":
      optional: true
  bin:
    biome: bin/biome
  checksum: 86f3a59fb1614a552a6fe47722140c06472a5e0f8d17e03d72991e69b8f1d565250b386aca695d920d7c7a8b5b3f3fff263171674892e0415698b64b319ec628
  languageName: node
  linkType: hard

"@biomejs/cli-darwin-arm64@npm:1.5.0":
  version: 1.5.0
  resolution: "@biomejs/cli-darwin-arm64@npm:1.5.0"
  conditions: os=darwin & cpu=arm64
  languageName: node
  linkType: hard

"@biomejs/cli-darwin-x64@npm:1.5.0":
  version: 1.5.0
  resolution: "@biomejs/cli-darwin-x64@npm:1.5.0"
  conditions: os=darwin & cpu=x64
  languageName: node
  linkType: hard

"@biomejs/cli-linux-arm64-musl@npm:1.5.0":
  version: 1.5.0
  resolution: "@biomejs/cli-linux-arm64-musl@npm:1.5.0"
  conditions: os=linux & cpu=arm64 & libc=musl
  languageName: node
  linkType: hard

"@biomejs/cli-linux-arm64@npm:1.5.0":
  version: 1.5.0
  resolution: "@biomejs/cli-linux-arm64@npm:1.5.0"
  conditions: os=linux & cpu=arm64 & libc=glibc
  languageName: node
  linkType: hard

"@biomejs/cli-linux-x64-musl@npm:1.5.0":
  version: 1.5.0
  resolution: "@biomejs/cli-linux-x64-musl@npm:1.5.0"
  conditions: os=linux & cpu=x64 & libc=musl
  languageName: node
  linkType: hard

"@biomejs/cli-linux-x64@npm:1.5.0":
  version: 1.5.0
  resolution: "@biomejs/cli-linux-x64@npm:1.5.0"
  conditions: os=linux & cpu=x64 & libc=glibc
  languageName: node
  linkType: hard

"@biomejs/cli-win32-arm64@npm:1.5.0":
  version: 1.5.0
  resolution: "@biomejs/cli-win32-arm64@npm:1.5.0"
  conditions: os=win32 & cpu=arm64
  languageName: node
  linkType: hard

"@biomejs/cli-win32-x64@npm:1.5.0":
  version: 1.5.0
  resolution: "@biomejs/cli-win32-x64@npm:1.5.0"
  conditions: os=win32 & cpu=x64
  languageName: node
  linkType: hard

"yarn@workspace:.":
  version: 0.0.0-use.local
  resolution: "yarn@workspace:."
  dependencies:
    "@biomejs/biome": 1.5.0
  languageName: unknown
  linkType: soft
