# THIS IS AN AUTOGENERATED FILE. DO NOT EDIT THIS FILE DIRECTLY.
# yarn lockfile v1


"@biomejs/biome@^1.5.1":
  version "1.5.1"
  resolved "https://registry.yarnpkg.com/@biomejs/biome/-/biome-1.5.1.tgz#ed665a8693e3014bf8fa641ad58703c85dd575cc"
  integrity sha512-rdMA/N1Zc1nxUtbXMVr+50Sg/Pezz+9qGQa2uyRWFtrCoyr3dv0pVz+0ifGGue18ip50ZH8x2r5CV7zo8Q/0mA==
  optionalDependencies:
    "@biomejs/cli-darwin-arm64" "1.5.1"
    "@biomejs/cli-darwin-x64" "1.5.1"
    "@biomejs/cli-linux-arm64" "1.5.1"
    "@biomejs/cli-linux-arm64-musl" "1.5.1"
    "@biomejs/cli-linux-x64" "1.5.1"
    "@biomejs/cli-linux-x64-musl" "1.5.1"
    "@biomejs/cli-win32-arm64" "1.5.1"
    "@biomejs/cli-win32-x64" "1.5.1"

"@biomejs/cli-darwin-arm64@1.5.1":
  version "1.5.1"
  resolved "https://registry.yarnpkg.com/@biomejs/cli-darwin-arm64/-/cli-darwin-arm64-1.5.1.tgz#ea33f009aaa4bca3ce281e010a6cb108249cb973"
  integrity sha512-E9pLakmSVHP6UH2uqAghqEkr/IHAIDfDyCedqJVnyFc+uufNTHwB8id4XTiWy/eKIdgxHZsTSE+R+W0IqrTNVQ==

"@biomejs/cli-darwin-x64@1.5.1":
  version "1.5.1"
  resolved "https://registry.yarnpkg.com/@biomejs/cli-darwin-x64/-/cli-darwin-x64-1.5.1.tgz#c719a8615b380b25cd9a4bbdfc81d90dbec0996b"
  integrity sha512-8O1F+FcoCi02JlocyilB6R3y3kT9sRkBCRwYddaBIScQe2hCme/mA2rVzrhCCHhskrclJ51GEKjkEORj4/8c2A==

"@biomejs/cli-linux-arm64-musl@1.5.1":
  version "1.5.1"
  resolved "https://registry.yarnpkg.com/@biomejs/cli-linux-arm64-musl/-/cli-linux-arm64-musl-1.5.1.tgz#c5364e08faca4826654b191e696425d5449a6fe3"
  integrity sha512-Lw9G3LUdhRMp8L8RMeVevnfQCa7luT6ubQ8GRjLju32glxWKefpDrzgfHixGyvTQPlhnYjQ+V8/QQ/I7WPzOoA==

"@biomejs/cli-linux-arm64@1.5.1":
  version "1.5.1"
  resolved "https://registry.yarnpkg.com/@biomejs/cli-linux-arm64/-/cli-linux-arm64-1.5.1.tgz#1d9fe74cbc27aa784d8a3743ad1f77da883e2aef"
  integrity sha512-25gwY4FMzmi1Rl6N835raLq7nzTk+PyEQd88k9Em6dqtI4qpljqmZlMmVjOiwXKe3Ee80J/Vlh7BM36lsHUTEg==

"@biomejs/cli-linux-x64-musl@1.5.1":
  version "1.5.1"
  resolved "https://registry.yarnpkg.com/@biomejs/cli-linux-x64-musl/-/cli-linux-x64-musl-1.5.1.tgz#7e6ef6c1308907f30909374f91c380e2c85bf393"
  integrity sha512-5gapxc/VlwTgGRbTc9h8PMTpf8eNahIBauFUGSXncHgayi3VpezKSicgaQ1bb8FahVXf/5eNEVxVARq/or71Ag==

"@biomejs/cli-linux-x64@1.5.1":
  version "1.5.1"
  resolved "https://registry.yarnpkg.com/@biomejs/cli-linux-x64/-/cli-linux-x64-1.5.1.tgz#0f6afaf035c6a07fe757d58a315f3a75e49f8987"
  integrity sha512-YDM0gZP4UbAuaBI3DVbUuj5X+Omm6uxzD1Qpc6hcduH1kzXzs9L0ee7cn/kJtNndoXR8MlmUS0O0/wWvZf2YaA==

"@biomejs/cli-win32-arm64@1.5.1":
  version "1.5.1"
  resolved "https://registry.yarnpkg.com/@biomejs/cli-win32-arm64/-/cli-win32-arm64-1.5.1.tgz#196bdc1afd0945a0fad76719b601bf7f7a4aaf72"
  integrity sha512-TVpLBOLUMLQmH2VRFBKFr3rgEkr7XvG4QZxHOxWB9Ivc/sQPvg4aHMd8qpgPKXABGUnultyc9t0+WvfIDxuALg==

"@biomejs/cli-win32-x64@1.5.1":
  version "1.5.1"
  resolved "https://registry.yarnpkg.com/@biomejs/cli-win32-x64/-/cli-win32-x64-1.5.1.tgz#b1996fa2dc6580f39fb2e1b6d126e93baf8da58d"
  integrity sha512-qx8EKwScZmVYZjMPZ6GF3ZUmgg/N6zqh+d8vHA2E43opNCyqIPTl89sOqkc7zd1CyyABDWxsbqI9Ih6xTT6hnQ==
