lockfileVersion: '6.0'

settings:
  autoInstallPeers: true
  excludeLinksFromLockfile: false

devDependencies:
  '@biomejs/biome':
    specifier: ^1.5.1
    version: 1.5.1

packages:

  /@biomejs/biome@1.5.1:
    resolution: {integrity: sha512-rdMA/N1Zc1nxUtbXMVr+50Sg/Pezz+9qGQa2uyRWFtrCoyr3dv0pVz+0ifGGue18ip50ZH8x2r5CV7zo8Q/0mA==}
    engines: {node: '>=14.*'}
    hasBin: true
    requiresBuild: true
    optionalDependencies:
      '@biomejs/cli-darwin-arm64': 1.5.1
      '@biomejs/cli-darwin-x64': 1.5.1
      '@biomejs/cli-linux-arm64': 1.5.1
      '@biomejs/cli-linux-arm64-musl': 1.5.1
      '@biomejs/cli-linux-x64': 1.5.1
      '@biomejs/cli-linux-x64-musl': 1.5.1
      '@biomejs/cli-win32-arm64': 1.5.1
      '@biomejs/cli-win32-x64': 1.5.1
    dev: true

  /@biomejs/cli-darwin-arm64@1.5.1:
    resolution: {integrity: sha512-E9pLakmSVHP6UH2uqAghqEkr/IHAIDfDyCedqJVnyFc+uufNTHwB8id4XTiWy/eKIdgxHZsTSE+R+W0IqrTNVQ==}
    engines: {node: '>=14.*'}
    cpu: [arm64]
    os: [darwin]
    requiresBuild: true
    dev: true
    optional: true

  /@biomejs/cli-darwin-x64@1.5.1:
    resolution: {integrity: sha512-8O1F+FcoCi02JlocyilB6R3y3kT9sRkBCRwYddaBIScQe2hCme/mA2rVzrhCCHhskrclJ51GEKjkEORj4/8c2A==}
    engines: {node: '>=14.*'}
    cpu: [x64]
    os: [darwin]
    requiresBuild: true
    dev: true
    optional: true

  /@biomejs/cli-linux-arm64-musl@1.5.1:
    resolution: {integrity: sha512-Lw9G3LUdhRMp8L8RMeVevnfQCa7luT6ubQ8GRjLju32glxWKefpDrzgfHixGyvTQPlhnYjQ+V8/QQ/I7WPzOoA==}
    engines: {node: '>=14.*'}
    cpu: [arm64]
    os: [linux]
    requiresBuild: true
    dev: true
    optional: true

  /@biomejs/cli-linux-arm64@1.5.1:
    resolution: {integrity: sha512-25gwY4FMzmi1Rl6N835raLq7nzTk+PyEQd88k9Em6dqtI4qpljqmZlMmVjOiwXKe3Ee80J/Vlh7BM36lsHUTEg==}
    engines: {node: '>=14.*'}
    cpu: [arm64]
    os: [linux]
    requiresBuild: true
    dev: true
    optional: true

  /@biomejs/cli-linux-x64-musl@1.5.1:
    resolution: {integrity: sha512-5gapxc/VlwTgGRbTc9h8PMTpf8eNahIBauFUGSXncHgayi3VpezKSicgaQ1bb8FahVXf/5eNEVxVARq/or71Ag==}
    engines: {node: '>=14.*'}
    cpu: [x64]
    os: [linux]
    requiresBuild: true
    dev: true
    optional: true

  /@biomejs/cli-linux-x64@1.5.1:
    resolution: {integrity: sha512-YDM0gZP4UbAuaBI3DVbUuj5X+Omm6uxzD1Qpc6hcduH1kzXzs9L0ee7cn/kJtNndoXR8MlmUS0O0/wWvZf2YaA==}
    engines: {node: '>=14.*'}
    cpu: [x64]
    os: [linux]
    requiresBuild: true
    dev: true
    optional: true

  /@biomejs/cli-win32-arm64@1.5.1:
    resolution: {integrity: sha512-TVpLBOLUMLQmH2VRFBKFr3rgEkr7XvG4QZxHOxWB9Ivc/sQPvg4aHMd8qpgPKXABGUnultyc9t0+WvfIDxuALg==}
    engines: {node: '>=14.*'}
    cpu: [arm64]
    os: [win32]
    requiresBuild: true
    dev: true
    optional: true

  /@biomejs/cli-win32-x64@1.5.1:
    resolution: {integrity: sha512-qx8EKwScZmVYZjMPZ6GF3ZUmgg/N6zqh+d8vHA2E43opNCyqIPTl89sOqkc7zd1CyyABDWxsbqI9Ih6xTT6hnQ==}
    engines: {node: '>=14.*'}
    cpu: [x64]
    os: [win32]
    requiresBuild: true
    dev: true
    optional: true
