---
lockfileVersion: '9.0'

importers:

  .:
    configDependencies: {}
    packageManagerDependencies:
      '@pnpm/exe':
        specifier: 11.5.0
        version: 11.5.0
      pnpm:
        specifier: 11.5.0
        version: 11.5.0

packages:

  '@pnpm/exe@11.5.0':
    resolution: {integrity: sha512-4hzOXq1HHrNPjwI8k1rt7Ot/Yrdx1JX3pn/L/M95ii1gid1Q6ZK6dVg4+gbSgUdPsYmYDZ4/Yfc0A7vd5C0ndg==}
    hasBin: true

  '@pnpm/linux-arm64@11.5.0':
    resolution: {integrity: sha512-NV9HdzzCB0epuI9LqZZeTaqjH3OweNQSQCS76GzEkFxJHS9e5Gvu7tgex91gxVL7bCZ+R4yr/3d3yexBFtr2ug==}
    cpu: [arm64]
    os: [linux]

  '@pnpm/linux-x64@11.5.0':
    resolution: {integrity: sha512-vH83rRx4iPk/bwm9pBVCn+5hXbcQI66I/4zk6Vc09SusJgTqOdbN4U6VhMcGIqSEdr901ksYGCyIbMv7f6Guew==}
    cpu: [x64]
    os: [linux]

  '@pnpm/linuxstatic-arm64@11.5.0':
    resolution: {integrity: sha512-2nOnMW1rSwGv22q2yZz1HlGT3ly/Ij8wUlX0NB4n+Krx7nETRHA3MgWsbkVejxHknDcTulRVudAghuX9rgrXcw==}
    cpu: [arm64]
    os: [linux]
    libc: [musl]

  '@pnpm/linuxstatic-x64@11.5.0':
    resolution: {integrity: sha512-ONOC1Mg0JusHtjzkRlre9di1QO+GAjy4HP7jMjDx21yGhrSheNdUweTXbekMH1EflRd19kTU6d8M3zewJFPtVg==}
    cpu: [x64]
    os: [linux]
    libc: [musl]

  '@pnpm/macos-arm64@11.5.0':
    resolution: {integrity: sha512-od0ALdTxs4A7s5vAH5q2l2phzCJb98+PVOW1rq7BGpWGeYxQ+EwvL+vq0KaO6iLsn/eVVoncCkgZ/k6QNYuTgw==}
    cpu: [arm64]
    os: [darwin]

  '@pnpm/win-arm64@11.5.0':
    resolution: {integrity: sha512-9HqbI80FjVVqFx4+EPxYYNfeP9Sx69W6kYqUDvOJn9G7RJ/2NNNQ898cVHTMpXlW1/PrMEcijmdpa/NjZIrWiQ==}
    cpu: [arm64]
    os: [win32]

  '@pnpm/win-x64@11.5.0':
    resolution: {integrity: sha512-Q89CQqFGAsWmfvHZs5Kbbar45q3GBYtfAdPUCiVMVNJoLi3dsBS2LCvUq8ak3AufkFDaJBpvhaFcDP2M1NXr3A==}
    cpu: [x64]
    os: [win32]

  '@reflink/reflink-darwin-arm64@0.1.19':
    resolution: {integrity: sha512-ruy44Lpepdk1FqDz38vExBY/PVUsjxZA+chd9wozjUH9JjuDT/HEaQYA6wYN9mf041l0yLVar6BCZuWABJvHSA==}
    engines: {node: '>= 10'}
    cpu: [arm64]
    os: [darwin]

  '@reflink/reflink-darwin-x64@0.1.19':
    resolution: {integrity: sha512-By85MSWrMZa+c26TcnAy8SDk0sTUkYlNnwknSchkhHpGXOtjNDUOxJE9oByBnGbeuIE1PiQsxDG3Ud+IVV9yuA==}
    engines: {node: '>= 10'}
    cpu: [x64]
    os: [darwin]

  '@reflink/reflink-linux-arm64-gnu@0.1.19':
    resolution: {integrity: sha512-7P+er8+rP9iNeN+bfmccM4hTAaLP6PQJPKWSA4iSk2bNvo6KU6RyPgYeHxXmzNKzPVRcypZQTpFgstHam6maVg==}
    engines: {node: '>= 10'}
    cpu: [arm64]
    os: [linux]
    libc: [glibc]

  '@reflink/reflink-linux-arm64-musl@0.1.19':
    resolution: {integrity: sha512-37iO/Dp6m5DDaC2sf3zPtx/hl9FV3Xze4xoYidrxxS9bgP3S8ALroxRK6xBG/1TtfXKTvolvp+IjrUU6ujIGmA==}
    engines: {node: '>= 10'}
    cpu: [arm64]
    os: [linux]
    libc: [musl]

  '@reflink/reflink-linux-x64-gnu@0.1.19':
    resolution: {integrity: sha512-jbI8jvuYCaA3MVUdu8vLoLAFqC+iNMpiSuLbxlAgg7x3K5bsS8nOpTRnkLF7vISJ+rVR8W+7ThXlXlUQ93ulkw==}
    engines: {node: '>= 10'}
    cpu: [x64]
    os: [linux]
    libc: [glibc]

  '@reflink/reflink-linux-x64-musl@0.1.19':
    resolution: {integrity: sha512-e9FBWDe+lv7QKAwtKOt6A2W/fyy/aEEfr0g6j/hWzvQcrzHCsz07BNQYlNOjTfeytrtLU7k449H1PI95jA4OjQ==}
    engines: {node: '>= 10'}
    cpu: [x64]
    os: [linux]
    libc: [musl]

  '@reflink/reflink-win32-arm64-msvc@0.1.19':
    resolution: {integrity: sha512-09PxnVIQcd+UOn4WAW73WU6PXL7DwGS6wPlkMhMg2zlHHG65F3vHepOw06HFCq+N42qkaNAc8AKIabWvtk6cIQ==}
    engines: {node: '>= 10'}
    cpu: [arm64]
    os: [win32]

  '@reflink/reflink-win32-x64-msvc@0.1.19':
    resolution: {integrity: sha512-E//yT4ni2SyhwP8JRjVGWr3cbnhWDiPLgnQ66qqaanjjnMiu3O/2tjCPQXlcGc/DEYofpDc9fvhv6tALQsMV9w==}
    engines: {node: '>= 10'}
    cpu: [x64]
    os: [win32]

  '@reflink/reflink@0.1.19':
    resolution: {integrity: sha512-DmCG8GzysnCZ15bres3N5AHCmwBwYgp0As6xjhQ47rAUTUXxJiK+lLUxaGsX3hd/30qUpVElh05PbGuxRPgJwA==}
    engines: {node: '>= 10'}

  detect-libc@2.1.2:
    resolution: {integrity: sha512-Btj2BOOO83o3WyH59e8MgXsxEQVcarkUOpEYrubB0urwnN10yQ364rsiByU11nZlqWYZm05i/of7io4mzihBtQ==}
    engines: {node: '>=8'}

  pnpm@11.5.0:
    resolution: {integrity: sha512-2/zE+Bz0hZev1Lw5H/3xLBHxqfuDo5W/prCi2cwv2P/rr9scy9UpYyFT95OQTCYVt/Cf4aNFRz/Rw1hFFyqOsQ==}
    engines: {node: '>=22.13'}
    hasBin: true

snapshots:

  '@pnpm/exe@11.5.0':
    dependencies:
      '@reflink/reflink': 0.1.19
      detect-libc: 2.1.2
    optionalDependencies:
      '@pnpm/linux-arm64': 11.5.0
      '@pnpm/linux-x64': 11.5.0
      '@pnpm/linuxstatic-arm64': 11.5.0
      '@pnpm/linuxstatic-x64': 11.5.0
      '@pnpm/macos-arm64': 11.5.0
      '@pnpm/win-arm64': 11.5.0
      '@pnpm/win-x64': 11.5.0

  '@pnpm/linux-arm64@11.5.0':
    optional: true

  '@pnpm/linux-x64@11.5.0':
    optional: true

  '@pnpm/linuxstatic-arm64@11.5.0':
    optional: true

  '@pnpm/linuxstatic-x64@11.5.0':
    optional: true

  '@pnpm/macos-arm64@11.5.0':
    optional: true

  '@pnpm/win-arm64@11.5.0':
    optional: true

  '@pnpm/win-x64@11.5.0':
    optional: true

  '@reflink/reflink-darwin-arm64@0.1.19':
    optional: true

  '@reflink/reflink-darwin-x64@0.1.19':
    optional: true

  '@reflink/reflink-linux-arm64-gnu@0.1.19':
    optional: true

  '@reflink/reflink-linux-arm64-musl@0.1.19':
    optional: true

  '@reflink/reflink-linux-x64-gnu@0.1.19':
    optional: true

  '@reflink/reflink-linux-x64-musl@0.1.19':
    optional: true

  '@reflink/reflink-win32-arm64-msvc@0.1.19':
    optional: true

  '@reflink/reflink-win32-x64-msvc@0.1.19':
    optional: true

  '@reflink/reflink@0.1.19':
    optionalDependencies:
      '@reflink/reflink-darwin-arm64': 0.1.19
      '@reflink/reflink-darwin-x64': 0.1.19
      '@reflink/reflink-linux-arm64-gnu': 0.1.19
      '@reflink/reflink-linux-arm64-musl': 0.1.19
      '@reflink/reflink-linux-x64-gnu': 0.1.19
      '@reflink/reflink-linux-x64-musl': 0.1.19
      '@reflink/reflink-win32-arm64-msvc': 0.1.19
      '@reflink/reflink-win32-x64-msvc': 0.1.19

  detect-libc@2.1.2: {}

  pnpm@11.5.0: {}

---
lockfileVersion: '9.0'

settings:
  autoInstallPeers: true
  excludeLinksFromLockfile: false

importers:

  .:
    devDependencies:
      '@biomejs/biome':
        specifier: 2.0.0
        version: 2.0.0

packages:

  '@biomejs/biome@2.0.0':
    resolution: {integrity: sha512-BlUoXEOI/UQTDEj/pVfnkMo8SrZw3oOWBDrXYFT43V7HTkIUDkBRY53IC5Jx1QkZbaB+0ai1wJIfYwp9+qaJTQ==}
    engines: {node: '>=14.21.3'}
    hasBin: true

  '@biomejs/cli-darwin-arm64@2.0.0':
    resolution: {integrity: sha512-QvqWYtFFhhxdf8jMAdJzXW+Frc7X8XsnHQLY+TBM1fnT1TfeV/v9vsFI5L2J7GH6qN1+QEEJ19jHibCY2Ypplw==}
    engines: {node: '>=14.21.3'}
    cpu: [arm64]
    os: [darwin]

  '@biomejs/cli-darwin-x64@2.0.0':
    resolution: {integrity: sha512-5JFhls1EfmuIH4QGFPlNpxJQFC6ic3X1ltcoLN+eSRRIPr6H/lUS1ttuD0Fj7rPgPhZqopK/jfH8UVj/1hIsQw==}
    engines: {node: '>=14.21.3'}
    cpu: [x64]
    os: [darwin]

  '@biomejs/cli-linux-arm64-musl@2.0.0':
    resolution: {integrity: sha512-Bxsz8ki8+b3PytMnS5SgrGV+mbAWwIxI3ydChb/d1rURlJTMdxTTq5LTebUnlsUWAX6OvJuFeiVq9Gjn1YbCyA==}
    engines: {node: '>=14.21.3'}
    cpu: [arm64]
    os: [linux]
    libc: [musl]

  '@biomejs/cli-linux-arm64@2.0.0':
    resolution: {integrity: sha512-BAH4QVi06TzAbVchXdJPsL0Z/P87jOfes15rI+p3EX9/EGTfIjaQ9lBVlHunxcmoptaA5y1Hdb9UYojIhmnjIw==}
    engines: {node: '>=14.21.3'}
    cpu: [arm64]
    os: [linux]
    libc: [glibc]

  '@biomejs/cli-linux-x64-musl@2.0.0':
    resolution: {integrity: sha512-tiQ0ABxMJb9I6GlfNp0ulrTiQSFacJRJO8245FFwE3ty3bfsfxlU/miblzDIi+qNrgGsLq5wIZcVYGp4c+HXZA==}
    engines: {node: '>=14.21.3'}
    cpu: [x64]
    os: [linux]
    libc: [musl]

  '@biomejs/cli-linux-x64@2.0.0':
    resolution: {integrity: sha512-09PcOGYTtkopWRm6mZ/B6Mr6UHdkniUgIG/jLBv+2J8Z61ezRE+xQmpi3yNgUrFIAU4lPA9atg7mhvE/5Bo7Wg==}
    engines: {node: '>=14.21.3'}
    cpu: [x64]
    os: [linux]
    libc: [glibc]

  '@biomejs/cli-win32-arm64@2.0.0':
    resolution: {integrity: sha512-vrTtuGu91xNTEQ5ZcMJBZuDlqr32DWU1r14UfePIGndF//s2WUAmer4FmgoPgruo76rprk37e8S2A2c0psXdxw==}
    engines: {node: '>=14.21.3'}
    cpu: [arm64]
    os: [win32]

  '@biomejs/cli-win32-x64@2.0.0':
    resolution: {integrity: sha512-2USVQ0hklNsph/KIR72ZdeptyXNnQ3JdzPn3NbjI4Sna34CnxeiYAaZcZzXPDl5PYNFBivV4xmvT3Z3rTmyDBg==}
    engines: {node: '>=14.21.3'}
    cpu: [x64]
    os: [win32]

snapshots:

  '@biomejs/biome@2.0.0':
    optionalDependencies:
      '@biomejs/cli-darwin-arm64': 2.0.0
      '@biomejs/cli-darwin-x64': 2.0.0
      '@biomejs/cli-linux-arm64': 2.0.0
      '@biomejs/cli-linux-arm64-musl': 2.0.0
      '@biomejs/cli-linux-x64': 2.0.0
      '@biomejs/cli-linux-x64-musl': 2.0.0
      '@biomejs/cli-win32-arm64': 2.0.0
      '@biomejs/cli-win32-x64': 2.0.0

  '@biomejs/cli-darwin-arm64@2.0.0':
    optional: true

  '@biomejs/cli-darwin-x64@2.0.0':
    optional: true

  '@biomejs/cli-linux-arm64-musl@2.0.0':
    optional: true

  '@biomejs/cli-linux-arm64@2.0.0':
    optional: true

  '@biomejs/cli-linux-x64-musl@2.0.0':
    optional: true

  '@biomejs/cli-linux-x64@2.0.0':
    optional: true

  '@biomejs/cli-win32-arm64@2.0.0':
    optional: true

  '@biomejs/cli-win32-x64@2.0.0':
    optional: true
